
Microsoft Visual Studio Solution File, Format Version 12.00
# Visual Studio Version 17
VisualStudioVersion = 17.8.34330.188
MinimumVisualStudioVersion = 10.0.40219.1
Project("{FAE04EC0-301F-11D3-BF4B-00C04F79EFBC}") = "OrcsElvesDSTextTool", "OrcsElvesDSTextTool.csproj", "{69708C86-B872-4342-9346-3C69D669ABE8}"
EndProject
Global
	GlobalSection(SolutionConfigurationPlatforms) = preSolution
		Debug|Any CPU = Debug|Any CPU
		Release|Any CPU = Release|Any CPU
	EndGlobalSection
	GlobalSection(ProjectConfigurationPlatforms) = postSolution
		{69708C86-B872-4342-9346-3C69D669ABE8}.Debug|Any CPU.ActiveCfg = Debug|Any CPU
		{69708C86-B872-4342-9346-3C69D669ABE8}.Debug|Any CPU.Build.0 = Debug|Any CPU
		{69708C86-B872-4342-9346-3C69D669ABE8}.Release|Any CPU.ActiveCfg = Release|Any CPU
		{69708C86-B872-4342-9346-3C69D669ABE8}.Release|Any CPU.Build.0 = Release|Any CPU
	EndGlobalSection
	GlobalSection(SolutionProperties) = preSolution
		HideSolutionNode = FALSE
	EndGlobalSection
	GlobalSection(ExtensibilityGlobals) = postSolution
		SolutionGuid = {882B32DD-C5E7-4C58-B0BD-93D122F5CF6F}
	EndGlobalSection
EndGlobal
